// !$*UTF8*$!
{
	archiveVersion = 1;
	classes = {
	};
	objectVersion = 55;
	objects = {

/* Begin PBXBuildFile section */
		6340ED602897EF3D00F325EE /* MYYeongnamnu.otf in Resources */ = {isa = PBXBuildFile; fileRef = 6340ED5F2897EF3D00F325EE /* MYYeongnamnu.otf */; };
		634270CC2890DD770040A63C /* AppDelegate.swift in Sources */ = {isa = PBXBuildFile; fileRef = 634270CB2890DD770040A63C /* AppDelegate.swift */; };
		634270CE2890DD770040A63C /* SceneDelegate.swift in Sources */ = {isa = PBXBuildFile; fileRef = 634270CD2890DD770040A63C /* SceneDelegate.swift */; };
		634270D02890DD770040A63C /* ViewController.swift in Sources */ = {isa = PBXBuildFile; fileRef = 634270CF2890DD770040A63C /* ViewController.swift */; };
		634270D32890DD770040A63C /* Main.storyboard in Resources */ = {isa = PBXBuildFile; fileRef = 634270D12890DD770040A63C /* Main.storyboard */; };
		634270D52890DD770040A63C /* Assets.xcassets in Resources */ = {isa = PBXBuildFile; fileRef = 634270D42890DD770040A63C /* Assets.xcassets */; };
		634270D82890DD770040A63C /* LaunchScreen.storyboard in Resources */ = {isa = PBXBuildFile; fileRef = 634270D62890DD770040A63C /* LaunchScreen.storyboard */; };
		634270E02890E1F40040A63C /* SearchViewController.swift in Sources */ = {isa = PBXBuildFile; fileRef = 634270DF2890E1F40040A63C /* SearchViewController.swift */; };
		634270E52890E4CF0040A63C /* ListTableViewCell.swift in Sources */ = {isa = PBXBuildFile; fileRef = 634270E32890E4CF0040A63C /* ListTableViewCell.swift */; };
		634270E62890E4CF0040A63C /* ListTableViewCell.xib in Resources */ = {isa = PBXBuildFile; fileRef = 634270E42890E4CF0040A63C /* ListTableViewCell.xib */; };
		6350090A2897ADD5006B9694 /* Beer.storyboard in Resources */ = {isa = PBXBuildFile; fileRef = 635009092897ADD5006B9694 /* Beer.storyboard */; };
		6350090D2897ADE9006B9694 /* BeerViewController.swift in Sources */ = {isa = PBXBuildFile; fileRef = 6350090C2897ADE9006B9694 /* BeerViewController.swift */; };
		635EF78A28920CDB0036183C /* ViewPresentableProtocol.swift in Sources */ = {isa = PBXBuildFile; fileRef = 635EF78928920CDB0036183C /* ViewPresentableProtocol.swift */; };
		635EF78C2892236C0036183C /* LottoViewController.swift in Sources */ = {isa = PBXBuildFile; fileRef = 635EF78B2892236C0036183C /* LottoViewController.swift */; };
		635EF78E289230500036183C /* TranslateViewController.swift in Sources */ = {isa = PBXBuildFile; fileRef = 635EF78D289230500036183C /* TranslateViewController.swift */; };
		635EF79028923A990036183C /* WebViewViewController.swift in Sources */ = {isa = PBXBuildFile; fileRef = 635EF78F28923A990036183C /* WebViewViewController.swift */; };
		636283772897529A00EA2472 /* ReusableViewProtocol.swift in Sources */ = {isa = PBXBuildFile; fileRef = 636283762897529A00EA2472 /* ReusableViewProtocol.swift */; };
		6362837A2897579A00EA2472 /* Constant.swift in Sources */ = {isa = PBXBuildFile; fileRef = 636283792897579A00EA2472 /* Constant.swift */; };
		6362837C28975FB100EA2472 /* UserDefaultsHelper.swift in Sources */ = {isa = PBXBuildFile; fileRef = 6362837B28975FB100EA2472 /* UserDefaultsHelper.swift */; };
		638545DF28935D43009947E5 /* LocationViewController.swift in Sources */ = {isa = PBXBuildFile; fileRef = 638545DE28935D43009947E5 /* LocationViewController.swift */; };
		638545E428938516009947E5 /* SCDream1.otf in Resources */ = {isa = PBXBuildFile; fileRef = 638545E1289384E3009947E5 /* SCDream1.otf */; };
		638545E528938516009947E5 /* SCDream2.otf in Resources */ = {isa = PBXBuildFile; fileRef = 638545E3289384E3009947E5 /* SCDream2.otf */; };
		638545E628938516009947E5 /* SCDream3.otf in Resources */ = {isa = PBXBuildFile; fileRef = 638545E2289384E3009947E5 /* SCDream3.otf */; };
		638545E8289387E2009947E5 /* Galmuri9.ttf in Resources */ = {isa = PBXBuildFile; fileRef = 638545E7289387E2009947E5 /* Galmuri9.ttf */; };
		63A196DB2898FBF200B039BA /* Alamofire in Frameworks */ = {isa = PBXBuildFile; productRef = 63A196DA2898FBF200B039BA /* Alamofire */; };
		63A196DE2898FC2000B039BA /* SwiftyJSON in Frameworks */ = {isa = PBXBuildFile; productRef = 63A196DD2898FC2000B039BA /* SwiftyJSON */; };
		63A196E128991ABA00B039BA /* BeerCollectionViewCell.swift in Sources */ = {isa = PBXBuildFile; fileRef = 63A196DF28991ABA00B039BA /* BeerCollectionViewCell.swift */; };
		63A196E228991ABA00B039BA /* BeerCollectionViewCell.xib in Resources */ = {isa = PBXBuildFile; fileRef = 63A196E028991ABA00B039BA /* BeerCollectionViewCell.xib */; };
		63A196E42899202700B039BA /* BeerInfo.swift in Sources */ = {isa = PBXBuildFile; fileRef = 63A196E32899202700B039BA /* BeerInfo.swift */; };
		63C140B62898BD30007576CB /* BoxOfficeModel.swift in Sources */ = {isa = PBXBuildFile; fileRef = 63C140B52898BD30007576CB /* BoxOfficeModel.swift */; };
		63E5191A289257B1007CF333 /* Web.storyboard in Resources */ = {isa = PBXBuildFile; fileRef = 63E51919289257B1007CF333 /* Web.storyboard */; };
		63E5191C28925810007CF333 /* WebPageViewController.swift in Sources */ = {isa = PBXBuildFile; fileRef = 63E5191B28925810007CF333 /* WebPageViewController.swift */; };
		63E5191F2892588A007CF333 /* WebStartViewController.swift in Sources */ = {isa = PBXBuildFile; fileRef = 63E5191E2892588A007CF333 /* WebStartViewController.swift */; };
/* End PBXBuildFile section */

/* Begin PBXFileReference section */
		6340ED5F2897EF3D00F325EE /* MYYeongnamnu.otf */ = {isa = PBXFileReference; lastKnownFileType = file; path = MYYeongnamnu.otf; sourceTree = "<group>"; };
		634270C82890DD770040A63C /* Network_Basic.app */ = {isa = PBXFileReference; explicitFileType = wrapper.application; includeInIndex = 0; path = Network_Basic.app; sourceTree = BUILT_PRODUCTS_DIR; };
		634270CB2890DD770040A63C /* AppDelegate.swift */ = {isa = PBXFileReference; lastKnownFileType = sourcecode.swift; path = AppDelegate.swift; sourceTree = "<group>"; };
		634270CD2890DD770040A63C /* SceneDelegate.swift */ = {isa = PBXFileReference; lastKnownFileType = sourcecode.swift; path = SceneDelegate.swift; sourceTree = "<group>"; };
		634270CF2890DD770040A63C /* ViewController.swift */ = {isa = PBXFileReference; lastKnownFileType = sourcecode.swift; path = ViewController.swift; sourceTree = "<group>"; };
		634270D22890DD770040A63C /* Base */ = {isa = PBXFileReference; lastKnownFileType = file.storyboard; name = Base; path = Base.lproj/Main.storyboard; sourceTree = "<group>"; };
		634270D42890DD770040A63C /* Assets.xcassets */ = {isa = PBXFileReference; lastKnownFileType = folder.assetcatalog; path = Assets.xcassets; sourceTree = "<group>"; };
		634270D72890DD770040A63C /* Base */ = {isa = PBXFileReference; lastKnownFileType = file.storyboard; name = Base; path = Base.lproj/LaunchScreen.storyboard; sourceTree = "<group>"; };
		634270D92890DD770040A63C /* Info.plist */ = {isa = PBXFileReference; lastKnownFileType = text.plist.xml; path = Info.plist; sourceTree = "<group>"; };
		634270DF2890E1F40040A63C /* SearchViewController.swift */ = {isa = PBXFileReference; lastKnownFileType = sourcecode.swift; path = SearchViewController.swift; sourceTree = "<group>"; };
		634270E32890E4CF0040A63C /* ListTableViewCell.swift */ = {isa = PBXFileReference; lastKnownFileType = sourcecode.swift; path = ListTableViewCell.swift; sourceTree = "<group>"; };
		634270E42890E4CF0040A63C /* ListTableViewCell.xib */ = {isa = PBXFileReference; lastKnownFileType = file.xib; path = ListTableViewCell.xib; sourceTree = "<group>"; };
		635009092897ADD5006B9694 /* Beer.storyboard */ = {isa = PBXFileReference; lastKnownFileType = file.storyboard; path = Beer.storyboard; sourceTree = "<group>"; };
		6350090C2897ADE9006B9694 /* BeerViewController.swift */ = {isa = PBXFileReference; lastKnownFileType = sourcecode.swift; path = BeerViewController.swift; sourceTree = "<group>"; };
		635EF78928920CDB0036183C /* ViewPresentableProtocol.swift */ = {isa = PBXFileReference; lastKnownFileType = sourcecode.swift; path = ViewPresentableProtocol.swift; sourceTree = "<group>"; };
		635EF78B2892236C0036183C /* LottoViewController.swift */ = {isa = PBXFileReference; lastKnownFileType = sourcecode.swift; path = LottoViewController.swift; sourceTree = "<group>"; };
		635EF78D289230500036183C /* TranslateViewController.swift */ = {isa = PBXFileReference; lastKnownFileType = sourcecode.swift; path = TranslateViewController.swift; sourceTree = "<group>"; };
		635EF78F28923A990036183C /* WebViewViewController.swift */ = {isa = PBXFileReference; lastKnownFileType = sourcecode.swift; path = WebViewViewController.swift; sourceTree = "<group>"; };
		636283762897529A00EA2472 /* ReusableViewProtocol.swift */ = {isa = PBXFileReference; lastKnownFileType = sourcecode.swift; path = ReusableViewProtocol.swift; sourceTree = "<group>"; };
		636283792897579A00EA2472 /* Constant.swift */ = {isa = PBXFileReference; lastKnownFileType = sourcecode.swift; path = Constant.swift; sourceTree = "<group>"; };
		6362837B28975FB100EA2472 /* UserDefaultsHelper.swift */ = {isa = PBXFileReference; lastKnownFileType = sourcecode.swift; path = UserDefaultsHelper.swift; sourceTree = "<group>"; };
		638545DE28935D43009947E5 /* LocationViewController.swift */ = {isa = PBXFileReference; lastKnownFileType = sourcecode.swift; path = LocationViewController.swift; sourceTree = "<group>"; };
		638545E1289384E3009947E5 /* SCDream1.otf */ = {isa = PBXFileReference; lastKnownFileType = file; path = SCDream1.otf; sourceTree = "<group>"; };
		638545E2289384E3009947E5 /* SCDream3.otf */ = {isa = PBXFileReference; lastKnownFileType = file; path = SCDream3.otf; sourceTree = "<group>"; };
		638545E3289384E3009947E5 /* SCDream2.otf */ = {isa = PBXFileReference; lastKnownFileType = file; path = SCDream2.otf; sourceTree = "<group>"; };
		638545E7289387E2009947E5 /* Galmuri9.ttf */ = {isa = PBXFileReference; lastKnownFileType = file; path = Galmuri9.ttf; sourceTree = "<group>"; };
		63A196DF28991ABA00B039BA /* BeerCollectionViewCell.swift */ = {isa = PBXFileReference; lastKnownFileType = sourcecode.swift; path = BeerCollectionViewCell.swift; sourceTree = "<group>"; };
		63A196E028991ABA00B039BA /* BeerCollectionViewCell.xib */ = {isa = PBXFileReference; lastKnownFileType = file.xib; path = BeerCollectionViewCell.xib; sourceTree = "<group>"; };
		63A196E32899202700B039BA /* BeerInfo.swift */ = {isa = PBXFileReference; lastKnownFileType = sourcecode.swift; path = BeerInfo.swift; sourceTree = "<group>"; };
		63C140B52898BD30007576CB /* BoxOfficeModel.swift */ = {isa = PBXFileReference; lastKnownFileType = sourcecode.swift; path = BoxOfficeModel.swift; sourceTree = "<group>"; };
		63E51919289257B1007CF333 /* Web.storyboard */ = {isa = PBXFileReference; lastKnownFileType = file.storyboard; path = Web.storyboard; sourceTree = "<group>"; };
		63E5191B28925810007CF333 /* WebPageViewController.swift */ = {isa = PBXFileReference; lastKnownFileType = sourcecode.swift; path = WebPageViewController.swift; sourceTree = "<group>"; };
		63E5191E2892588A007CF333 /* WebStartViewController.swift */ = {isa = PBXFileReference; lastKnownFileType = sourcecode.swift; path = WebStartViewController.swift; sourceTree = "<group>"; };
/* End PBXFileReference section */

/* Begin PBXFrameworksBuildPhase section */
		634270C52890DD770040A63C /* Frameworks */ = {
			isa = PBXFrameworksBuildPhase;
			buildActionMask = 2147483647;
			files = (
				63A196DE2898FC2000B039BA /* SwiftyJSON in Frameworks */,
				63A196DB2898FBF200B039BA /* Alamofire in Frameworks */,
			);
			runOnlyForDeploymentPostprocessing = 0;
		};
/* End PBXFrameworksBuildPhase section */

/* Begin PBXGroup section */
		634270BF2890DD770040A63C = {
			isa = PBXGroup;
			children = (
				634270CA2890DD770040A63C /* Network_Basic */,
				634270C92890DD770040A63C /* Products */,
			);
			sourceTree = "<group>";
		};
		634270C92890DD770040A63C /* Products */ = {
			isa = PBXGroup;
			children = (
				634270C82890DD770040A63C /* Network_Basic.app */,
			);
			name = Products;
			sourceTree = "<group>";
		};
		634270CA2890DD770040A63C /* Network_Basic */ = {
			isa = PBXGroup;
			children = (
				636283782897577B00EA2472 /* Constant */,
				638545E0289383F6009947E5 /* Resources */,
				635EF78828920CA20036183C /* Protocol */,
				634270CB2890DD770040A63C /* AppDelegate.swift */,
				634270CD2890DD770040A63C /* SceneDelegate.swift */,
				634270CF2890DD770040A63C /* ViewController.swift */,
				634270D12890DD770040A63C /* Main.storyboard */,
				635EF79128923DF40036183C /* Main */,
				634270E32890E4CF0040A63C /* ListTableViewCell.swift */,
				634270E42890E4CF0040A63C /* ListTableViewCell.xib */,
				6350090B2897ADDA006B9694 /* Beer */,
				63E5191D28925813007CF333 /* Web */,
				634270D42890DD770040A63C /* Assets.xcassets */,
				634270D62890DD770040A63C /* LaunchScreen.storyboard */,
				634270D92890DD770040A63C /* Info.plist */,
			);
			path = Network_Basic;
			sourceTree = "<group>";
		};
		6350090B2897ADDA006B9694 /* Beer */ = {
			isa = PBXGroup;
			children = (
				635009092897ADD5006B9694 /* Beer.storyboard */,
				6350090C2897ADE9006B9694 /* BeerViewController.swift */,
				63A196E028991ABA00B039BA /* BeerCollectionViewCell.xib */,
				63A196DF28991ABA00B039BA /* BeerCollectionViewCell.swift */,
				63A196E32899202700B039BA /* BeerInfo.swift */,
			);
			path = Beer;
			sourceTree = "<group>";
		};
		635EF78828920CA20036183C /* Protocol */ = {
			isa = PBXGroup;
			children = (
				635EF78928920CDB0036183C /* ViewPresentableProtocol.swift */,
				636283762897529A00EA2472 /* ReusableViewProtocol.swift */,
			);
			path = Protocol;
			sourceTree = "<group>";
		};
		635EF79128923DF40036183C /* Main */ = {
			isa = PBXGroup;
			children = (
				638545DE28935D43009947E5 /* LocationViewController.swift */,
				635EF78F28923A990036183C /* WebViewViewController.swift */,
				635EF78D289230500036183C /* TranslateViewController.swift */,
				635EF78B2892236C0036183C /* LottoViewController.swift */,
				634270DF2890E1F40040A63C /* SearchViewController.swift */,
				63C140B52898BD30007576CB /* BoxOfficeModel.swift */,
			);
			path = Main;
			sourceTree = "<group>";
		};
		636283782897577B00EA2472 /* Constant */ = {
			isa = PBXGroup;
			children = (
				636283792897579A00EA2472 /* Constant.swift */,
				6362837B28975FB100EA2472 /* UserDefaultsHelper.swift */,
			);
			path = Constant;
			sourceTree = "<group>";
		};
		638545E0289383F6009947E5 /* Resources */ = {
			isa = PBXGroup;
			children = (
				6340ED5F2897EF3D00F325EE /* MYYeongnamnu.otf */,
				638545E1289384E3009947E5 /* SCDream1.otf */,
				638545E3289384E3009947E5 /* SCDream2.otf */,
				638545E2289384E3009947E5 /* SCDream3.otf */,
				638545E7289387E2009947E5 /* Galmuri9.ttf */,
			);
			path = Resources;
			sourceTree = "<group>";
		};
		63E5191D28925813007CF333 /* Web */ = {
			isa = PBXGroup;
			children = (
				63E51919289257B1007CF333 /* Web.storyboard */,
				63E5191E2892588A007CF333 /* WebStartViewController.swift */,
				63E5191B28925810007CF333 /* WebPageViewController.swift */,
			);
			path = Web;
			sourceTree = "<group>";
		};
/* End PBXGroup section */

/* Begin PBXNativeTarget section */
		634270C72890DD770040A63C /* Network_Basic */ = {
			isa = PBXNativeTarget;
			buildConfigurationList = 634270DC2890DD770040A63C /* Build configuration list for PBXNativeTarget "Network_Basic" */;
			buildPhases = (
				634270C42890DD770040A63C /* Sources */,
				634270C52890DD770040A63C /* Frameworks */,
				634270C62890DD770040A63C /* Resources */,
			);
			buildRules = (
			);
			dependencies = (
			);
			name = Network_Basic;
			packageProductDependencies = (
				63A196DA2898FBF200B039BA /* Alamofire */,
				63A196DD2898FC2000B039BA /* SwiftyJSON */,
			);
			productName = Network_Basic;
			productReference = 634270C82890DD770040A63C /* Network_Basic.app */;
			productType = "com.apple.product-type.application";
		};
/* End PBXNativeTarget section */

/* Begin PBXProject section */
		634270C02890DD770040A63C /* Project object */ = {
			isa = PBXProject;
			attributes = {
				BuildIndependentTargetsInParallel = 1;
				LastSwiftUpdateCheck = 1340;
				LastUpgradeCheck = 1340;
				TargetAttributes = {
					634270C72890DD770040A63C = {
						CreatedOnToolsVersion = 13.4.1;
					};
				};
			};
			buildConfigurationList = 634270C32890DD770040A63C /* Build configuration list for PBXProject "Network_Basic" */;
			compatibilityVersion = "Xcode 13.0";
			developmentRegion = en;
			hasScannedForEncodings = 0;
			knownRegions = (
				en,
				Base,
			);
			mainGroup = 634270BF2890DD770040A63C;
			packageReferences = (
				63A196D92898FBF200B039BA /* XCRemoteSwiftPackageReference "Alamofire" */,
				63A196DC2898FC2000B039BA /* XCRemoteSwiftPackageReference "SwiftyJSON" */,
			);
			productRefGroup = 634270C92890DD770040A63C /* Products */;
			projectDirPath = "";
			projectRoot = "";
			targets = (
				634270C72890DD770040A63C /* Network_Basic */,
			);
		};
/* End PBXProject section */

/* Begin PBXResourcesBuildPhase section */
		634270C62890DD770040A63C /* Resources */ = {
			isa = PBXResourcesBuildPhase;
			buildActionMask = 2147483647;
			files = (
				638545E428938516009947E5 /* SCDream1.otf in Resources */,
				638545E528938516009947E5 /* SCDream2.otf in Resources */,
				638545E628938516009947E5 /* SCDream3.otf in Resources */,
				638545E8289387E2009947E5 /* Galmuri9.ttf in Resources */,
				63A196E228991ABA00B039BA /* BeerCollectionViewCell.xib in Resources */,
				634270D82890DD770040A63C /* LaunchScreen.storyboard in Resources */,
				634270E62890E4CF0040A63C /* ListTableViewCell.xib in Resources */,
				6350090A2897ADD5006B9694 /* Beer.storyboard in Resources */,
				63E5191A289257B1007CF333 /* Web.storyboard in Resources */,
				634270D52890DD770040A63C /* Assets.xcassets in Resources */,
				6340ED602897EF3D00F325EE /* MYYeongnamnu.otf in Resources */,
				634270D32890DD770040A63C /* Main.storyboard in Resources */,
			);
			runOnlyForDeploymentPostprocessing = 0;
		};
/* End PBXResourcesBuildPhase section */

/* Begin PBXSourcesBuildPhase section */
		634270C42890DD770040A63C /* Sources */ = {
			isa = PBXSourcesBuildPhase;
			buildActionMask = 2147483647;
			files = (
				6350090D2897ADE9006B9694 /* BeerViewController.swift in Sources */,
				6362837C28975FB100EA2472 /* UserDefaultsHelper.swift in Sources */,
				63A196E128991ABA00B039BA /* BeerCollectionViewCell.swift in Sources */,
				634270D02890DD770040A63C /* ViewController.swift in Sources */,
				634270CC2890DD770040A63C /* AppDelegate.swift in Sources */,
				634270E02890E1F40040A63C /* SearchViewController.swift in Sources */,
				638545DF28935D43009947E5 /* LocationViewController.swift in Sources */,
				635EF78C2892236C0036183C /* LottoViewController.swift in Sources */,
				63E5191F2892588A007CF333 /* WebStartViewController.swift in Sources */,
				63A196E42899202700B039BA /* BeerInfo.swift in Sources */,
				634270CE2890DD770040A63C /* SceneDelegate.swift in Sources */,
				6362837A2897579A00EA2472 /* Constant.swift in Sources */,
				635EF78E289230500036183C /* TranslateViewController.swift in Sources */,
				635EF78A28920CDB0036183C /* ViewPresentableProtocol.swift in Sources */,
				635EF79028923A990036183C /* WebViewViewController.swift in Sources */,
				63C140B62898BD30007576CB /* BoxOfficeModel.swift in Sources */,
				634270E52890E4CF0040A63C /* ListTableViewCell.swift in Sources */,
				63E5191C28925810007CF333 /* WebPageViewController.swift in Sources */,
				636283772897529A00EA2472 /* ReusableViewProtocol.swift in Sources */,
			);
			runOnlyForDeploymentPostprocessing = 0;
		};
/* End PBXSourcesBuildPhase section */

/* Begin PBXVariantGroup section */
		634270D12890DD770040A63C /* Main.storyboard */ = {
			isa = PBXVariantGroup;
			children = (
				634270D22890DD770040A63C /* Base */,
			);
			name = Main.storyboard;
			sourceTree = "<group>";
		};
		634270D62890DD770040A63C /* LaunchScreen.storyboard */ = {
			isa = PBXVariantGroup;
			children = (
				634270D72890DD770040A63C /* Base */,
			);
			name = LaunchScreen.storyboard;
			sourceTree = "<group>";
		};
/* End PBXVariantGroup section */

/* Begin XCBuildConfiguration section */
		634270DA2890DD770040A63C /* Debug */ = {
			isa = XCBuildConfiguration;
			buildSettings = {
				ALWAYS_SEARCH_USER_PATHS = NO;
				CLANG_ANALYZER_NONNULL = YES;
				CLANG_ANALYZER_NUMBER_OBJECT_CONVERSION = YES_AGGRESSIVE;
				CLANG_CXX_LANGUAGE_STANDARD = "gnu++17";
				CLANG_ENABLE_MODULES = YES;
				CLANG_ENABLE_OBJC_ARC = YES;
				CLANG_ENABLE_OBJC_WEAK = YES;
				CLANG_WARN_BLOCK_CAPTURE_AUTORELEASING = YES;
				CLANG_WARN_BOOL_CONVERSION = YES;
				CLANG_WARN_COMMA = YES;
				CLANG_WARN_CONSTANT_CONVERSION = YES;
				CLANG_WARN_DEPRECATED_OBJC_IMPLEMENTATIONS = YES;
				CLANG_WARN_DIRECT_OBJC_ISA_USAGE = YES_ERROR;
				CLANG_WARN_DOCUMENTATION_COMMENTS = YES;
				CLANG_WARN_EMPTY_BODY = YES;
				CLANG_WARN_ENUM_CONVERSION = YES;
				CLANG_WARN_INFINITE_RECURSION = YES;
				CLANG_WARN_INT_CONVERSION = YES;
				CLANG_WARN_NON_LITERAL_NULL_CONVERSION = YES;
				CLANG_WARN_OBJC_IMPLICIT_RETAIN_SELF = YES;
				CLANG_WARN_OBJC_LITERAL_CONVERSION = YES;
				CLANG_WARN_OBJC_ROOT_CLASS = YES_ERROR;
				CLANG_WARN_QUOTED_INCLUDE_IN_FRAMEWORK_HEADER = YES;
				CLANG_WARN_RANGE_LOOP_ANALYSIS = YES;
				CLANG_WARN_STRICT_PROTOTYPES = YES;
				CLANG_WARN_SUSPICIOUS_MOVE = YES;
				CLANG_WARN_UNGUARDED_AVAILABILITY = YES_AGGRESSIVE;
				CLANG_WARN_UNREACHABLE_CODE = YES;
				CLANG_WARN__DUPLICATE_METHOD_MATCH = YES;
				COPY_PHASE_STRIP = NO;
				DEBUG_INFORMATION_FORMAT = dwarf;
				ENABLE_STRICT_OBJC_MSGSEND = YES;
				ENABLE_TESTABILITY = YES;
				GCC_C_LANGUAGE_STANDARD = gnu11;
				GCC_DYNAMIC_NO_PIC = NO;
				GCC_NO_COMMON_BLOCKS = YES;
				GCC_OPTIMIZATION_LEVEL = 0;
				GCC_PREPROCESSOR_DEFINITIONS = (
					"DEBUG=1",
					"$(inherited)",
				);
				GCC_WARN_64_TO_32_BIT_CONVERSION = YES;
				GCC_WARN_ABOUT_RETURN_TYPE = YES_ERROR;
				GCC_WARN_UNDECLARED_SELECTOR = YES;
				GCC_WARN_UNINITIALIZED_AUTOS = YES_AGGRESSIVE;
				GCC_WARN_UNUSED_FUNCTION = YES;
				GCC_WARN_UNUSED_VARIABLE = YES;
				IPHONEOS_DEPLOYMENT_TARGET = 15.5;
				MTL_ENABLE_DEBUG_INFO = INCLUDE_SOURCE;
				MTL_FAST_MATH = YES;
				ONLY_ACTIVE_ARCH = YES;
				SDKROOT = iphoneos;
				SWIFT_ACTIVE_COMPILATION_CONDITIONS = DEBUG;
				SWIFT_OPTIMIZATION_LEVEL = "-Onone";
			};
			name = Debug;
		};
		634270DB2890DD770040A63C /* Release */ = {
			isa = XCBuildConfiguration;
			buildSettings = {
				ALWAYS_SEARCH_USER_PATHS = NO;
				CLANG_ANALYZER_NONNULL = YES;
				CLANG_ANALYZER_NUMBER_OBJECT_CONVERSION = YES_AGGRESSIVE;
				CLANG_CXX_LANGUAGE_STANDARD = "gnu++17";
				CLANG_ENABLE_MODULES = YES;
				CLANG_ENABLE_OBJC_ARC = YES;
				CLANG_ENABLE_OBJC_WEAK = YES;
				CLANG_WARN_BLOCK_CAPTURE_AUTORELEASING = YES;
				CLANG_WARN_BOOL_CONVERSION = YES;
				CLANG_WARN_COMMA = YES;
				CLANG_WARN_CONSTANT_CONVERSION = YES;
				CLANG_WARN_DEPRECATED_OBJC_IMPLEMENTATIONS = YES;
				CLANG_WARN_DIRECT_OBJC_ISA_USAGE = YES_ERROR;
				CLANG_WARN_DOCUMENTATION_COMMENTS = YES;
				CLANG_WARN_EMPTY_BODY = YES;
				CLANG_WARN_ENUM_CONVERSION = YES;
				CLANG_WARN_INFINITE_RECURSION = YES;
				CLANG_WARN_INT_CONVERSION = YES;
				CLANG_WARN_NON_LITERAL_NULL_CONVERSION = YES;
				CLANG_WARN_OBJC_IMPLICIT_RETAIN_SELF = YES;
				CLANG_WARN_OBJC_LITERAL_CONVERSION = YES;
				CLANG_WARN_OBJC_ROOT_CLASS = YES_ERROR;
				CLANG_WARN_QUOTED_INCLUDE_IN_FRAMEWORK_HEADER = YES;
				CLANG_WARN_RANGE_LOOP_ANALYSIS = YES;
				CLANG_WARN_STRICT_PROTOTYPES = YES;
				CLANG_WARN_SUSPICIOUS_MOVE = YES;
				CLANG_WARN_UNGUARDED_AVAILABILITY = YES_AGGRESSIVE;
				CLANG_WARN_UNREACHABLE_CODE = YES;
				CLANG_WARN__DUPLICATE_METHOD_MATCH = YES;
				COPY_PHASE_STRIP = NO;
				DEBUG_INFORMATION_FORMAT = "dwarf-with-dsym";
				ENABLE_NS_ASSERTIONS = NO;
				ENABLE_STRICT_OBJC_MSGSEND = YES;
				GCC_C_LANGUAGE_STANDARD = gnu11;
				GCC_NO_COMMON_BLOCKS = YES;
				GCC_WARN_64_TO_32_BIT_CONVERSION = YES;
				GCC_WARN_ABOUT_RETURN_TYPE = YES_ERROR;
				GCC_WARN_UNDECLARED_SELECTOR = YES;
				GCC_WARN_UNINITIALIZED_AUTOS = YES_AGGRESSIVE;
				GCC_WARN_UNUSED_FUNCTION = YES;
				GCC_WARN_UNUSED_VARIABLE = YES;
				IPHONEOS_DEPLOYMENT_TARGET = 15.5;
				MTL_ENABLE_DEBUG_INFO = NO;
				MTL_FAST_MATH = YES;
				SDKROOT = iphoneos;
				SWIFT_COMPILATION_MODE = wholemodule;
				SWIFT_OPTIMIZATION_LEVEL = "-O";
				VALIDATE_PRODUCT = YES;
			};
			name = Release;
		};
		634270DD2890DD770040A63C /* Debug */ = {
			isa = XCBuildConfiguration;
			buildSettings = {
				ASSETCATALOG_COMPILER_APPICON_NAME = AppIcon;
				ASSETCATALOG_COMPILER_GLOBAL_ACCENT_COLOR_NAME = AccentColor;
				CODE_SIGN_STYLE = Automatic;
				CURRENT_PROJECT_VERSION = 1;
				GENERATE_INFOPLIST_FILE = YES;
				INFOPLIST_FILE = Network_Basic/Info.plist;
				INFOPLIST_KEY_UIApplicationSupportsIndirectInputEvents = YES;
				INFOPLIST_KEY_UILaunchStoryboardName = LaunchScreen;
				INFOPLIST_KEY_UIMainStoryboardFile = Main;
				INFOPLIST_KEY_UISupportedInterfaceOrientations_iPad = "UIInterfaceOrientationPortrait UIInterfaceOrientationPortraitUpsideDown UIInterfaceOrientationLandscapeLeft UIInterfaceOrientationLandscapeRight";
				INFOPLIST_KEY_UISupportedInterfaceOrientations_iPhone = "UIInterfaceOrientationPortrait UIInterfaceOrientationLandscapeLeft UIInterfaceOrientationLandscapeRight";
				LD_RUNPATH_SEARCH_PATHS = (
					"$(inherited)",
					"@executable_path/Frameworks",
				);
				MARKETING_VERSION = 1.0;
				PRODUCT_BUNDLE_IDENTIFIER = "com.jj.Network-Basic";
				PRODUCT_NAME = "$(TARGET_NAME)";
				SWIFT_EMIT_LOC_STRINGS = YES;
				SWIFT_VERSION = 5.0;
				TARGETED_DEVICE_FAMILY = 1;
			};
			name = Debug;
		};
		634270DE2890DD770040A63C /* Release */ = {
			isa = XCBuildConfiguration;
			buildSettings = {
				ASSETCATALOG_COMPILER_APPICON_NAME = AppIcon;
				ASSETCATALOG_COMPILER_GLOBAL_ACCENT_COLOR_NAME = AccentColor;
				CODE_SIGN_STYLE = Automatic;
				CURRENT_PROJECT_VERSION = 1;
				GENERATE_INFOPLIST_FILE = YES;
				INFOPLIST_FILE = Network_Basic/Info.plist;
				INFOPLIST_KEY_UIApplicationSupportsIndirectInputEvents = YES;
				INFOPLIST_KEY_UILaunchStoryboardName = LaunchScreen;
				INFOPLIST_KEY_UIMainStoryboardFile = Main;
				INFOPLIST_KEY_UISupportedInterfaceOrientations_iPad = "UIInterfaceOrientationPortrait UIInterfaceOrientationPortraitUpsideDown UIInterfaceOrientationLandscapeLeft UIInterfaceOrientationLandscapeRight";
				INFOPLIST_KEY_UISupportedInterfaceOrientations_iPhone = "UIInterfaceOrientationPortrait UIInterfaceOrientationLandscapeLeft UIInterfaceOrientationLandscapeRight";
				LD_RUNPATH_SEARCH_PATHS = (
					"$(inherited)",
					"@executable_path/Frameworks",
				);
				MARKETING_VERSION = 1.0;
				PRODUCT_BUNDLE_IDENTIFIER = "com.jj.Network-Basic";
				PRODUCT_NAME = "$(TARGET_NAME)";
				SWIFT_EMIT_LOC_STRINGS = YES;
				SWIFT_VERSION = 5.0;
				TARGETED_DEVICE_FAMILY = 1;
			};
			name = Release;
		};
/* End XCBuildConfiguration section */

/* Begin XCConfigurationList section */
		634270C32890DD770040A63C /* Build configuration list for PBXProject "Network_Basic" */ = {
			isa = XCConfigurationList;
			buildConfigurations = (
				634270DA2890DD770040A63C /* Debug */,
				634270DB2890DD770040A63C /* Release */,
			);
			defaultConfigurationIsVisible = 0;
			defaultConfigurationName = Release;
		};
		634270DC2890DD770040A63C /* Build configuration list for PBXNativeTarget "Network_Basic" */ = {
			isa = XCConfigurationList;
			buildConfigurations = (
				634270DD2890DD770040A63C /* Debug */,
				634270DE2890DD770040A63C /* Release */,
			);
			defaultConfigurationIsVisible = 0;
			defaultConfigurationName = Release;
		};
/* End XCConfigurationList section */

/* Begin XCRemoteSwiftPackageReference section */
		63A196D92898FBF200B039BA /* XCRemoteSwiftPackageReference "Alamofire" */ = {
			isa = XCRemoteSwiftPackageReference;
			repositoryURL = "https://github.com/Alamofire/Alamofire.git";
			requirement = {
				kind = upToNextMajorVersion;
				minimumVersion = 5.0.0;
			};
		};
		63A196DC2898FC2000B039BA /* XCRemoteSwiftPackageReference "SwiftyJSON" */ = {
			isa = XCRemoteSwiftPackageReference;
			repositoryURL = "https://github.com/SwiftyJSON/SwiftyJSON.git";
			requirement = {
				kind = upToNextMajorVersion;
				minimumVersion = 5.0.0;
			};
		};
/* End XCRemoteSwiftPackageReference section */

/* Begin XCSwiftPackageProductDependency section */
		63A196DA2898FBF200B039BA /* Alamofire */ = {
			isa = XCSwiftPackageProductDependency;
			package = 63A196D92898FBF200B039BA /* XCRemoteSwiftPackageReference "Alamofire" */;
			productName = Alamofire;
		};
		63A196DD2898FC2000B039BA /* SwiftyJSON */ = {
			isa = XCSwiftPackageProductDependency;
			package = 63A196DC2898FC2000B039BA /* XCRemoteSwiftPackageReference "SwiftyJSON" */;
			productName = SwiftyJSON;
		};
/* End XCSwiftPackageProductDependency section */
	};
	rootObject = 634270C02890DD770040A63C /* Project object */;
}
